
Microsoft Visual Studio Solution File, Format Version 12.00
# Visual Studio Version 17
VisualStudioVersion = 17.5.002.0
MinimumVisualStudioVersion = 10.0.40219.1
Project("{9A19103F-16F7-4668-BE54-9A1E7A4F7556}") = "TDE_2", "TDE_2.csproj", "{EEA98B5D-489A-43BE-AEAE-5C8D5E4404F2}"
EndProject
Global
	GlobalSection(SolutionConfigurationPlatforms) = preSolution
		Debug|Any CPU = Debug|Any CPU
		Release|Any CPU = Release|Any CPU
	EndGlobalSection
	GlobalSection(ProjectConfigurationPlatforms) = postSolution
		{EEA98B5D-489A-43BE-AEAE-5C8D5E4404F2}.Debug|Any CPU.ActiveCfg = Debug|Any CPU
		{EEA98B5D-489A-43BE-AEAE-5C8D5E4404F2}.Debug|Any CPU.Build.0 = Debug|Any CPU
		{EEA98B5D-489A-43BE-AEAE-5C8D5E4404F2}.Release|Any CPU.ActiveCfg = Release|Any CPU
		{EEA98B5D-489A-43BE-AEAE-5C8D5E4404F2}.Release|Any CPU.Build.0 = Release|Any CPU
	EndGlobalSection
	GlobalSection(SolutionProperties) = preSolution
		HideSolutionNode = FALSE
	EndGlobalSection
	GlobalSection(ExtensibilityGlobals) = postSolution
		SolutionGuid = {142BA034-C535-496E-9F66-FDCBB4BA3AC3}
	EndGlobalSection
EndGlobal
