
Microsoft Visual Studio Solution File, Format Version 12.00
# Visual Studio Version 17
VisualStudioVersion = 17.5.002.0
MinimumVisualStudioVersion = 10.0.40219.1
Project("{9A19103F-16F7-4668-BE54-9A1E7A4F7556}") = "aula27.05", "aula27.05.csproj", "{C23FCAF7-E079-4651-939F-E2F062A566DB}"
EndProject
Global
	GlobalSection(SolutionConfigurationPlatforms) = preSolution
		Debug|Any CPU = Debug|Any CPU
		Release|Any CPU = Release|Any CPU
	EndGlobalSection
	GlobalSection(ProjectConfigurationPlatforms) = postSolution
		{C23FCAF7-E079-4651-939F-E2F062A566DB}.Debug|Any CPU.ActiveCfg = Debug|Any CPU
		{C23FCAF7-E079-4651-939F-E2F062A566DB}.Debug|Any CPU.Build.0 = Debug|Any CPU
		{C23FCAF7-E079-4651-939F-E2F062A566DB}.Release|Any CPU.ActiveCfg = Release|Any CPU
		{C23FCAF7-E079-4651-939F-E2F062A566DB}.Release|Any CPU.Build.0 = Release|Any CPU
	EndGlobalSection
	GlobalSection(SolutionProperties) = preSolution
		HideSolutionNode = FALSE
	EndGlobalSection
	GlobalSection(ExtensibilityGlobals) = postSolution
		SolutionGuid = {F59CAA69-93F3-4852-BCFC-77F62ADAEA96}
	EndGlobalSection
EndGlobal
